
Microsoft Visual Studio Solution File, Format Version 12.00
# Visual Studio Version 17
VisualStudioVersion = 17.10.35027.167
MinimumVisualStudioVersion = 10.0.40219.1
Project("{FAE04EC0-301F-11D3-BF4B-00C04F79EFBC}") = "Student List Project", "Student List Project.csproj", "{B8981EF9-4AB5-45ED-B853-FFDA7E5780A8}"
EndProject
Global
	GlobalSection(SolutionConfigurationPlatforms) = preSolution
		Debug|Any CPU = Debug|Any CPU
		Release|Any CPU = Release|Any CPU
	EndGlobalSection
	GlobalSection(ProjectConfigurationPlatforms) = postSolution
		{B8981EF9-4AB5-45ED-B853-FFDA7E5780A8}.Debug|Any CPU.ActiveCfg = Debug|Any CPU
		{B8981EF9-4AB5-45ED-B853-FFDA7E5780A8}.Debug|Any CPU.Build.0 = Debug|Any CPU
		{B8981EF9-4AB5-45ED-B853-FFDA7E5780A8}.Release|Any CPU.ActiveCfg = Release|Any CPU
		{B8981EF9-4AB5-45ED-B853-FFDA7E5780A8}.Release|Any CPU.Build.0 = Release|Any CPU
	EndGlobalSection
	GlobalSection(SolutionProperties) = preSolution
		HideSolutionNode = FALSE
	EndGlobalSection
	GlobalSection(ExtensibilityGlobals) = postSolution
		SolutionGuid = {848B32FA-7D51-4EA2-9AE4-12DF43B145D9}
	EndGlobalSection
EndGlobal
